
Microsoft Visual Studio Solution File, Format Version 12.00
# Visual Studio Version 17
VisualStudioVersion = 17.0.31919.166
MinimumVisualStudioVersion = 10.0.40219.1
Project("{2150E333-8FDC-42A3-9474-1A3956D46DE8}") = "CurrencyRateBattleServer", "CurrencyRateBattleServer", "{C410E5ED-BBE9-49D2-845D-33C898B7BFDA}"
EndProject
Project("{9A19103F-16F7-4668-BE54-9A1E7A4F7556}") = "CurrencyRateBattleServer", "src\Server\CurrencyRateBattle_Server\CurrencyRateBattleServer.csproj", "{7B535209-3729-4FE8-806B-B5E077B0FDFA}"
EndProject
Project("{2150E333-8FDC-42A3-9474-1A3956D46DE8}") = "CurrencyRateBattleClient", "CurrencyRateBattleClient", "{5591FB5B-1E33-4190-AB53-16C1D320016D}"
EndProject
Project("{9A19103F-16F7-4668-BE54-9A1E7A4F7556}") = "CRBClient", "src\Client\CurrencyRateBattle_Client\CRBClient.csproj", "{53CB44F5-3037-41E6-8E57-7F4D71E30AD0}"
EndProject
Project("{FAE04EC0-301F-11D3-BF4B-00C04F79EFBC}") = "CurrencyRateBattleServer.ApplicationServices", "src\Server\CurrencyRateBattleServer.ApplicationServices\CurrencyRateBattleServer.ApplicationServices.csproj", "{78E20CF4-C1A6-411C-94C1-A02925685B88}"
EndProject
Project("{FAE04EC0-301F-11D3-BF4B-00C04F79EFBC}") = "CurrencyRateBattleServer.Domain", "src\Server\CurrencyRateBattleServer.Domain\CurrencyRateBattleServer.Domain.csproj", "{8DF4DDCF-EB02-45CD-BA72-BB8874EB6528}"
EndProject
Project("{FAE04EC0-301F-11D3-BF4B-00C04F79EFBC}") = "CurrencyRateBattleServer.Dal", "src\Server\CurrencyRateBattleServer.Dal\CurrencyRateBattleServer.Dal.csproj", "{9D8A16A5-97A0-4C06-94BB-47D585F3E5AB}"
EndProject
Project("{FAE04EC0-301F-11D3-BF4B-00C04F79EFBC}") = "NbuClient", "src\Server\NbuClient\NbuClient.csproj", "{FD28FE20-C3C2-4CC0-82D2-AF5990D36521}"
EndProject
Global
	GlobalSection(SolutionConfigurationPlatforms) = preSolution
		Debug|Any CPU = Debug|Any CPU
		Release|Any CPU = Release|Any CPU
	EndGlobalSection
	GlobalSection(ProjectConfigurationPlatforms) = postSolution
		{7B535209-3729-4FE8-806B-B5E077B0FDFA}.Debug|Any CPU.ActiveCfg = Debug|Any CPU
		{7B535209-3729-4FE8-806B-B5E077B0FDFA}.Debug|Any CPU.Build.0 = Debug|Any CPU
		{7B535209-3729-4FE8-806B-B5E077B0FDFA}.Release|Any CPU.ActiveCfg = Release|Any CPU
		{7B535209-3729-4FE8-806B-B5E077B0FDFA}.Release|Any CPU.Build.0 = Release|Any CPU
		{53CB44F5-3037-41E6-8E57-7F4D71E30AD0}.Debug|Any CPU.ActiveCfg = Debug|Any CPU
		{53CB44F5-3037-41E6-8E57-7F4D71E30AD0}.Debug|Any CPU.Build.0 = Debug|Any CPU
		{53CB44F5-3037-41E6-8E57-7F4D71E30AD0}.Release|Any CPU.ActiveCfg = Release|Any CPU
		{53CB44F5-3037-41E6-8E57-7F4D71E30AD0}.Release|Any CPU.Build.0 = Release|Any CPU
		{78E20CF4-C1A6-411C-94C1-A02925685B88}.Debug|Any CPU.ActiveCfg = Debug|Any CPU
		{78E20CF4-C1A6-411C-94C1-A02925685B88}.Debug|Any CPU.Build.0 = Debug|Any CPU
		{78E20CF4-C1A6-411C-94C1-A02925685B88}.Release|Any CPU.ActiveCfg = Release|Any CPU
		{78E20CF4-C1A6-411C-94C1-A02925685B88}.Release|Any CPU.Build.0 = Release|Any CPU
		{8DF4DDCF-EB02-45CD-BA72-BB8874EB6528}.Debug|Any CPU.ActiveCfg = Debug|Any CPU
		{8DF4DDCF-EB02-45CD-BA72-BB8874EB6528}.Debug|Any CPU.Build.0 = Debug|Any CPU
		{8DF4DDCF-EB02-45CD-BA72-BB8874EB6528}.Release|Any CPU.ActiveCfg = Release|Any CPU
		{8DF4DDCF-EB02-45CD-BA72-BB8874EB6528}.Release|Any CPU.Build.0 = Release|Any CPU
		{9D8A16A5-97A0-4C06-94BB-47D585F3E5AB}.Debug|Any CPU.ActiveCfg = Debug|Any CPU
		{9D8A16A5-97A0-4C06-94BB-47D585F3E5AB}.Debug|Any CPU.Build.0 = Debug|Any CPU
		{9D8A16A5-97A0-4C06-94BB-47D585F3E5AB}.Release|Any CPU.ActiveCfg = Release|Any CPU
		{9D8A16A5-97A0-4C06-94BB-47D585F3E5AB}.Release|Any CPU.Build.0 = Release|Any CPU
		{FD28FE20-C3C2-4CC0-82D2-AF5990D36521}.Debug|Any CPU.ActiveCfg = Debug|Any CPU
		{FD28FE20-C3C2-4CC0-82D2-AF5990D36521}.Debug|Any CPU.Build.0 = Debug|Any CPU
		{FD28FE20-C3C2-4CC0-82D2-AF5990D36521}.Release|Any CPU.ActiveCfg = Release|Any CPU
		{FD28FE20-C3C2-4CC0-82D2-AF5990D36521}.Release|Any CPU.Build.0 = Release|Any CPU
	EndGlobalSection
	GlobalSection(SolutionProperties) = preSolution
		HideSolutionNode = FALSE
	EndGlobalSection
	GlobalSection(NestedProjects) = preSolution
		{7B535209-3729-4FE8-806B-B5E077B0FDFA} = {C410E5ED-BBE9-49D2-845D-33C898B7BFDA}
		{53CB44F5-3037-41E6-8E57-7F4D71E30AD0} = {5591FB5B-1E33-4190-AB53-16C1D320016D}
		{78E20CF4-C1A6-411C-94C1-A02925685B88} = {C410E5ED-BBE9-49D2-845D-33C898B7BFDA}
		{8DF4DDCF-EB02-45CD-BA72-BB8874EB6528} = {C410E5ED-BBE9-49D2-845D-33C898B7BFDA}
		{9D8A16A5-97A0-4C06-94BB-47D585F3E5AB} = {C410E5ED-BBE9-49D2-845D-33C898B7BFDA}
		{FD28FE20-C3C2-4CC0-82D2-AF5990D36521} = {C410E5ED-BBE9-49D2-845D-33C898B7BFDA}
	EndGlobalSection
	GlobalSection(ExtensibilityGlobals) = postSolution
		SolutionGuid = {A2574B94-42E4-4924-B08C-C53F2F7744FF}
	EndGlobalSection
EndGlobal
